# This file is generated by running "yarn install" inside your project.
# Manual changes might be lost - proceed with caution!

__metadata:
  version: 8
  cacheKey: 10c0

"@biomejs/biome@npm:2.4.5":
  version: 2.4.5
  resolution: "@biomejs/biome@npm:2.4.5"
  dependencies:
    "@biomejs/cli-darwin-arm64": "npm:2.4.5"
    "@biomejs/cli-darwin-x64": "npm:2.4.5"
    "@biomejs/cli-linux-arm64": "npm:2.4.5"
    "@biomejs/cli-linux-arm64-musl": "npm:2.4.5"
    "@biomejs/cli-linux-x64": "npm:2.4.5"
    "@biomejs/cli-linux-x64-musl": "npm:2.4.5"
    "@biomejs/cli-win32-arm64": "npm:2.4.5"
    "@biomejs/cli-win32-x64": "npm:2.4.5"
  dependenciesMeta:
    "@biomejs/cli-darwin-arm64":
      optional: true
    "@biomejs/cli-darwin-x64":
      optional: true
    "@biomejs/cli-linux-arm64":
      optional: true
    "@biomejs/cli-linux-arm64-musl":
      optional: true
    "@biomejs/cli-linux-x64":
      optional: true
    "@biomejs/cli-linux-x64-musl":
      optional: true
    "@biomejs/cli-win32-arm64":
      optional: true
    "@biomejs/cli-win32-x64":
      optional: true
  bin:
    biome: bin/biome
  checksum: 10c0/5466d0f69c30bbe1912f3f5f307dd31293e054c8b307c21f1df22edad415de34cf46842b0bd57e150cfc6dc6d698e848f6cd26fc7155d685aa8323e4ead7538e
  languageName: node
  linkType: hard

"@biomejs/cli-darwin-arm64@npm:2.4.5":
  version: 2.4.5
  resolution: "@biomejs/cli-darwin-arm64@npm:2.4.5"
  conditions: os=darwin & cpu=arm64
  languageName: node
  linkType: hard

"@biomejs/cli-darwin-x64@npm:2.4.5":
  version: 2.4.5
  resolution: "@biomejs/cli-darwin-x64@npm:2.4.5"
  conditions: os=darwin & cpu=x64
  languageName: node
  linkType: hard

"@biomejs/cli-linux-arm64-musl@npm:2.4.5":
  version: 2.4.5
  resolution: "@biomejs/cli-linux-arm64-musl@npm:2.4.5"
  conditions: os=linux & cpu=arm64 & libc=musl
  languageName: node
  linkType: hard

"@biomejs/cli-linux-arm64@npm:2.4.5":
  version: 2.4.5
  resolution: "@biomejs/cli-linux-arm64@npm:2.4.5"
  conditions: os=linux & cpu=arm64 & libc=glibc
  languageName: node
  linkType: hard

"@biomejs/cli-linux-x64-musl@npm:2.4.5":
  version: 2.4.5
  resolution: "@biomejs/cli-linux-x64-musl@npm:2.4.5"
  conditions: os=linux & cpu=x64 & libc=musl
  languageName: node
  linkType: hard

"@biomejs/cli-linux-x64@npm:2.4.5":
  version: 2.4.5
  resolution: "@biomejs/cli-linux-x64@npm:2.4.5"
  conditions: os=linux & cpu=x64 & libc=glibc
  languageName: node
  linkType: hard

"@biomejs/cli-win32-arm64@npm:2.4.5":
  version: 2.4.5
  resolution: "@biomejs/cli-win32-arm64@npm:2.4.5"
  conditions: os=win32 & cpu=arm64
  languageName: node
  linkType: hard

"@biomejs/cli-win32-x64@npm:2.4.5":
  version: 2.4.5
  resolution: "@biomejs/cli-win32-x64@npm:2.4.5"
  conditions: os=win32 & cpu=x64
  languageName: node
  linkType: hard

"@fzed51/react-component@workspace:.":
  version: 0.0.0-use.local
  resolution: "@fzed51/react-component@workspace:."
  dependencies:
    "@biomejs/biome": "npm:2.4.5"
    "@types/react": "npm:^19.2.14"
    "@types/react-dom": "npm:^19.2.3"
    clsx: "npm:^2.1.1"
    react: "npm:^19.2.4"
    react-dom: "npm:^19.2.4"
    typescript: "npm:^5.9.3"
  peerDependencies:
    react: ">=18"
    react-dom: ">=18"
  languageName: unknown
  linkType: soft

"@types/react-dom@npm:^19.2.3":
  version: 19.2.3
  resolution: "@types/react-dom@npm:19.2.3"
  peerDependencies:
    "@types/react": ^19.2.0
  checksum: 10c0/b486ebe0f4e2fb35e2e108df1d8fc0927ca5d6002d5771e8a739de11239fe62d0e207c50886185253c99eb9dedfeeb956ea7429e5ba17f6693c7acb4c02f8cd1
  languageName: node
  linkType: hard

"@types/react@npm:^19.2.14":
  version: 19.2.14
  resolution: "@types/react@npm:19.2.14"
  dependencies:
    csstype: "npm:^3.2.2"
  checksum: 10c0/7d25bf41b57719452d86d2ac0570b659210402707313a36ee612666bf11275a1c69824f8c3ee1fdca077ccfe15452f6da8f1224529b917050eb2d861e52b59b7
  languageName: node
  linkType: hard

"clsx@npm:^2.1.1":
  version: 2.1.1
  resolution: "clsx@npm:2.1.1"
  checksum: 10c0/c4c8eb865f8c82baab07e71bfa8897c73454881c4f99d6bc81585aecd7c441746c1399d08363dc096c550cceaf97bd4ce1e8854e1771e9998d9f94c4fe075839
  languageName: node
  linkType: hard

"csstype@npm:^3.2.2":
  version: 3.2.3
  resolution: "csstype@npm:3.2.3"
  checksum: 10c0/cd29c51e70fa822f1cecd8641a1445bed7063697469d35633b516e60fe8c1bde04b08f6c5b6022136bb669b64c63d4173af54864510fbb4ee23281801841a3ce
  languageName: node
  linkType: hard

"react-dom@npm:^19.2.4":
  version: 19.2.4
  resolution: "react-dom@npm:19.2.4"
  dependencies:
    scheduler: "npm:^0.27.0"
  peerDependencies:
    react: ^19.2.4
  checksum: 10c0/f0c63f1794dedb154136d4d0f59af00b41907f4859571c155940296808f4b94bf9c0c20633db75b5b2112ec13d8d7dd4f9bf57362ed48782f317b11d05a44f35
  languageName: node
  linkType: hard

"react@npm:^19.2.4":
  version: 19.2.4
  resolution: "react@npm:19.2.4"
  checksum: 10c0/cd2c9ff67a720799cc3b38a516009986f7fc4cb8d3e15716c6211cf098d1357ee3e348ab05ad0600042bbb0fd888530ba92e329198c92eafa0994f5213396596
  languageName: node
  linkType: hard

"scheduler@npm:^0.27.0":
  version: 0.27.0
  resolution: "scheduler@npm:0.27.0"
  checksum: 10c0/4f03048cb05a3c8fddc45813052251eca00688f413a3cee236d984a161da28db28ba71bd11e7a3dd02f7af84ab28d39fb311431d3b3772fed557945beb00c452
  languageName: node
  linkType: hard

"typescript@npm:^5.9.3":
  version: 5.9.3
  resolution: "typescript@npm:5.9.3"
  bin:
    tsc: bin/tsc
    tsserver: bin/tsserver
  checksum: 10c0/6bd7552ce39f97e711db5aa048f6f9995b53f1c52f7d8667c1abdc1700c68a76a308f579cd309ce6b53646deb4e9a1be7c813a93baaf0a28ccd536a30270e1c5
  languageName: node
  linkType: hard

"typescript@patch:typescript@npm%3A^5.9.3#optional!builtin<compat/typescript>":
  version: 5.9.3
  resolution: "typescript@patch:typescript@npm%3A5.9.3#optional!builtin<compat/typescript>::version=5.9.3&hash=5786d5"
  bin:
    tsc: bin/tsc
    tsserver: bin/tsserver
  checksum: 10c0/ad09fdf7a756814dce65bc60c1657b40d44451346858eea230e10f2e95a289d9183b6e32e5c11e95acc0ccc214b4f36289dcad4bf1886b0adb84d711d336a430
  languageName: node
  linkType: hard
